
Microsoft Visual Studio Solution File, Format Version 12.00
# Visual Studio 15
VisualStudioVersion = 15.0.27004.2002
MinimumVisualStudioVersion = 10.0.40219.1
Project("{FAE04EC0-301F-11D3-BF4B-00C04F79EFBC}") = "aspnet-webapp", "aspnet-webapp\aspnet-webapp.csproj", "{CD2AB480-9FBE-4112-91AF-5BC251F5BA03}"
EndProject
Project("{FAE04EC0-301F-11D3-BF4B-00C04F79EFBC}") = "aspnet-webapp.Tests", "aspnet-webapp.Tests\aspnet-webapp.Tests.csproj", "{A57EAEF5-7D3B-430E-A46C-6911EDF80C17}"
EndProject
Global
	GlobalSection(SolutionConfigurationPlatforms) = preSolution
		Debug|Any CPU = Debug|Any CPU
		Release|Any CPU = Release|Any CPU
	EndGlobalSection
	GlobalSection(ProjectConfigurationPlatforms) = postSolution
		{CD2AB480-9FBE-4112-91AF-5BC251F5BA03}.Debug|Any CPU.ActiveCfg = Debug|Any CPU
		{CD2AB480-9FBE-4112-91AF-5BC251F5BA03}.Debug|Any CPU.Build.0 = Debug|Any CPU
		{CD2AB480-9FBE-4112-91AF-5BC251F5BA03}.Release|Any CPU.ActiveCfg = Release|Any CPU
		{CD2AB480-9FBE-4112-91AF-5BC251F5BA03}.Release|Any CPU.Build.0 = Release|Any CPU
		{A57EAEF5-7D3B-430E-A46C-6911EDF80C17}.Debug|Any CPU.ActiveCfg = Debug|Any CPU
		{A57EAEF5-7D3B-430E-A46C-6911EDF80C17}.Debug|Any CPU.Build.0 = Debug|Any CPU
		{A57EAEF5-7D3B-430E-A46C-6911EDF80C17}.Release|Any CPU.ActiveCfg = Release|Any CPU
		{A57EAEF5-7D3B-430E-A46C-6911EDF80C17}.Release|Any CPU.Build.0 = Release|Any CPU
	EndGlobalSection
	GlobalSection(SolutionProperties) = preSolution
		HideSolutionNode = FALSE
	EndGlobalSection
	GlobalSection(ExtensibilityGlobals) = postSolution
		SolutionGuid = {8E7AE777-2806-4938-919A-C7D0B0FF2462}
	EndGlobalSection
EndGlobal
